// !$*UTF8*$!
{
	archiveVersion = 1;
	classes = {
	};
	objectVersion = 55;
	objects = {

/* Begin PBXBuildFile section */
		A47E261527EFFB42001C95CE /* AppDelegate.swift in Sources */ = {isa = PBXBuildFile; fileRef = A47E261427EFFB42001C95CE /* AppDelegate.swift */; };
		A47E261727EFFB42001C95CE /* SceneDelegate.swift in Sources */ = {isa = PBXBuildFile; fileRef = A47E261627EFFB42001C95CE /* SceneDelegate.swift */; };
		A47E261927EFFB42001C95CE /* ShadowViewController.swift in Sources */ = {isa = PBXBuildFile; fileRef = A47E261827EFFB42001C95CE /* ShadowViewController.swift */; };
		A47E261C27EFFB42001C95CE /* Shadow.storyboard in Resources */ = {isa = PBXBuildFile; fileRef = A47E261A27EFFB42001C95CE /* Shadow.storyboard */; };
		A47E261E27EFFB47001C95CE /* Assets.xcassets in Resources */ = {isa = PBXBuildFile; fileRef = A47E261D27EFFB47001C95CE /* Assets.xcassets */; };
		A47E262127EFFB47001C95CE /* LaunchScreen.storyboard in Resources */ = {isa = PBXBuildFile; fileRef = A47E261F27EFFB47001C95CE /* LaunchScreen.storyboard */; };
		A47E262C27EFFB48001C95CE /* ShadowPracticeTests.swift in Sources */ = {isa = PBXBuildFile; fileRef = A47E262B27EFFB48001C95CE /* ShadowPracticeTests.swift */; };
		A47E263627EFFB48001C95CE /* ShadowPracticeUITests.swift in Sources */ = {isa = PBXBuildFile; fileRef = A47E263527EFFB48001C95CE /* ShadowPracticeUITests.swift */; };
		A47E263827EFFB48001C95CE /* ShadowPracticeUITestsLaunchTests.swift in Sources */ = {isa = PBXBuildFile; fileRef = A47E263727EFFB48001C95CE /* ShadowPracticeUITestsLaunchTests.swift */; };
/* End PBXBuildFile section */

/* Begin PBXContainerItemProxy section */
		A47E262827EFFB48001C95CE /* PBXContainerItemProxy */ = {
			isa = PBXContainerItemProxy;
			containerPortal = A47E260927EFFB41001C95CE /* Project object */;
			proxyType = 1;
			remoteGlobalIDString = A47E261027EFFB42001C95CE;
			remoteInfo = ShadowPractice;
		};
		A47E263227EFFB48001C95CE /* PBXContainerItemProxy */ = {
			isa = PBXContainerItemProxy;
			containerPortal = A47E260927EFFB41001C95CE /* Project object */;
			proxyType = 1;
			remoteGlobalIDString = A47E261027EFFB42001C95CE;
			remoteInfo = ShadowPractice;
		};
/* End PBXContainerItemProxy section */

/* Begin PBXFileReference section */
		A47E261127EFFB42001C95CE /* ShadowPractice.app */ = {isa = PBXFileReference; explicitFileType = wrapper.application; includeInIndex = 0; path = ShadowPractice.app; sourceTree = BUILT_PRODUCTS_DIR; };
		A47E261427EFFB42001C95CE /* AppDelegate.swift */ = {isa = PBXFileReference; lastKnownFileType = sourcecode.swift; path = AppDelegate.swift; sourceTree = "<group>"; };
		A47E261627EFFB42001C95CE /* SceneDelegate.swift */ = {isa = PBXFileReference; lastKnownFileType = sourcecode.swift; path = SceneDelegate.swift; sourceTree = "<group>"; };
		A47E261827EFFB42001C95CE /* ShadowViewController.swift */ = {isa = PBXFileReference; lastKnownFileType = sourcecode.swift; path = ShadowViewController.swift; sourceTree = "<group>"; };
		A47E261B27EFFB42001C95CE /* Base */ = {isa = PBXFileReference; lastKnownFileType = file.storyboard; name = Base; path = Base.lproj/Shadow.storyboard; sourceTree = "<group>"; };
		A47E261D27EFFB47001C95CE /* Assets.xcassets */ = {isa = PBXFileReference; lastKnownFileType = folder.assetcatalog; path = Assets.xcassets; sourceTree = "<group>"; };
		A47E262027EFFB47001C95CE /* Base */ = {isa = PBXFileReference; lastKnownFileType = file.storyboard; name = Base; path = Base.lproj/LaunchScreen.storyboard; sourceTree = "<group>"; };
		A47E262227EFFB47001C95CE /* Info.plist */ = {isa = PBXFileReference; lastKnownFileType = text.plist.xml; path = Info.plist; sourceTree = "<group>"; };
		A47E262727EFFB48001C95CE /* ShadowPracticeTests.xctest */ = {isa = PBXFileReference; explicitFileType = wrapper.cfbundle; includeInIndex = 0; path = ShadowPracticeTests.xctest; sourceTree = BUILT_PRODUCTS_DIR; };
		A47E262B27EFFB48001C95CE /* ShadowPracticeTests.swift */ = {isa = PBXFileReference; lastKnownFileType = sourcecode.swift; path = ShadowPracticeTests.swift; sourceTree = "<group>"; };
		A47E263127EFFB48001C95CE /* ShadowPracticeUITests.xctest */ = {isa = PBXFileReference; explicitFileType = wrapper.cfbundle; includeInIndex = 0; path = ShadowPracticeUITests.xctest; sourceTree = BUILT_PRODUCTS_DIR; };
		A47E263527EFFB48001C95CE /* ShadowPracticeUITests.swift */ = {isa = PBXFileReference; lastKnownFileType = sourcecode.swift; path = ShadowPracticeUITests.swift; sourceTree = "<group>"; };
		A47E263727EFFB48001C95CE /* ShadowPracticeUITestsLaunchTests.swift */ = {isa = PBXFileReference; lastKnownFileType = sourcecode.swift; path = ShadowPracticeUITestsLaunchTests.swift; sourceTree = "<group>"; };
/* End PBXFileReference section */

/* Begin PBXFrameworksBuildPhase section */
		A47E260E27EFFB42001C95CE /* Frameworks */ = {
			isa = PBXFrameworksBuildPhase;
			buildActionMask = 2147483647;
			files = (
			);
			runOnlyForDeploymentPostprocessing = 0;
		};
		A47E262427EFFB48001C95CE /* Frameworks */ = {
			isa = PBXFrameworksBuildPhase;
			buildActionMask = 2147483647;
			files = (
			);
			runOnlyForDeploymentPostprocessing = 0;
		};
		A47E262E27EFFB48001C95CE /* Frameworks */ = {
			isa = PBXFrameworksBuildPhase;
			buildActionMask = 2147483647;
			files = (
			);
			runOnlyForDeploymentPostprocessing = 0;
		};
/* End PBXFrameworksBuildPhase section */

/* Begin PBXGroup section */
		A47E260827EFFB41001C95CE = {
			isa = PBXGroup;
			children = (
				A47E261327EFFB42001C95CE /* ShadowPractice */,
				A47E262A27EFFB48001C95CE /* ShadowPracticeTests */,
				A47E263427EFFB48001C95CE /* ShadowPracticeUITests */,
				A47E261227EFFB42001C95CE /* Products */,
			);
			sourceTree = "<group>";
		};
		A47E261227EFFB42001C95CE /* Products */ = {
			isa = PBXGroup;
			children = (
				A47E261127EFFB42001C95CE /* ShadowPractice.app */,
				A47E262727EFFB48001C95CE /* ShadowPracticeTests.xctest */,
				A47E263127EFFB48001C95CE /* ShadowPracticeUITests.xctest */,
			);
			name = Products;
			sourceTree = "<group>";
		};
		A47E261327EFFB42001C95CE /* ShadowPractice */ = {
			isa = PBXGroup;
			children = (
				A47E261427EFFB42001C95CE /* AppDelegate.swift */,
				A47E261627EFFB42001C95CE /* SceneDelegate.swift */,
				A47E261827EFFB42001C95CE /* ShadowViewController.swift */,
				A47E261A27EFFB42001C95CE /* Shadow.storyboard */,
				A47E261D27EFFB47001C95CE /* Assets.xcassets */,
				A47E261F27EFFB47001C95CE /* LaunchScreen.storyboard */,
				A47E262227EFFB47001C95CE /* Info.plist */,
			);
			path = ShadowPractice;
			sourceTree = "<group>";
		};
		A47E262A27EFFB48001C95CE /* ShadowPracticeTests */ = {
			isa = PBXGroup;
			children = (
				A47E262B27EFFB48001C95CE /* ShadowPracticeTests.swift */,
			);
			path = ShadowPracticeTests;
			sourceTree = "<group>";
		};
		A47E263427EFFB48001C95CE /* ShadowPracticeUITests */ = {
			isa = PBXGroup;
			children = (
				A47E263527EFFB48001C95CE /* ShadowPracticeUITests.swift */,
				A47E263727EFFB48001C95CE /* ShadowPracticeUITestsLaunchTests.swift */,
			);
			path = ShadowPracticeUITests;
			sourceTree = "<group>";
		};
/* End PBXGroup section */

/* Begin PBXNativeTarget section */
		A47E261027EFFB42001C95CE /* ShadowPractice */ = {
			isa = PBXNativeTarget;
			buildConfigurationList = A47E263B27EFFB48001C95CE /* Build configuration list for PBXNativeTarget "ShadowPractice" */;
			buildPhases = (
				A47E260D27EFFB42001C95CE /* Sources */,
				A47E260E27EFFB42001C95CE /* Frameworks */,
				A47E260F27EFFB42001C95CE /* Resources */,
			);
			buildRules = (
			);
			dependencies = (
			);
			name = ShadowPractice;
			productName = ShadowPractice;
			productReference = A47E261127EFFB42001C95CE /* ShadowPractice.app */;
			productType = "com.apple.product-type.application";
		};
		A47E262627EFFB48001C95CE /* ShadowPracticeTests */ = {
			isa = PBXNativeTarget;
			buildConfigurationList = A47E263E27EFFB48001C95CE /* Build configuration list for PBXNativeTarget "ShadowPracticeTests" */;
			buildPhases = (
				A47E262327EFFB48001C95CE /* Sources */,
				A47E262427EFFB48001C95CE /* Frameworks */,
				A47E262527EFFB48001C95CE /* Resources */,
			);
			buildRules = (
			);
			dependencies = (
				A47E262927EFFB48001C95CE /* PBXTargetDependency */,
			);
			name = ShadowPracticeTests;
			productName = ShadowPracticeTests;
			productReference = A47E262727EFFB48001C95CE /* ShadowPracticeTests.xctest */;
			productType = "com.apple.product-type.bundle.unit-test";
		};
		A47E263027EFFB48001C95CE /* ShadowPracticeUITests */ = {
			isa = PBXNativeTarget;
			buildConfigurationList = A47E264127EFFB48001C95CE /* Build configuration list for PBXNativeTarget "ShadowPracticeUITests" */;
			buildPhases = (
				A47E262D27EFFB48001C95CE /* Sources */,
				A47E262E27EFFB48001C95CE /* Frameworks */,
				A47E262F27EFFB48001C95CE /* Resources */,
			);
			buildRules = (
			);
			dependencies = (
				A47E263327EFFB48001C95CE /* PBXTargetDependency */,
			);
			name = ShadowPracticeUITests;
			productName = ShadowPracticeUITests;
			productReference = A47E263127EFFB48001C95CE /* ShadowPracticeUITests.xctest */;
			productType = "com.apple.product-type.bundle.ui-testing";
		};
/* End PBXNativeTarget section */

/* Begin PBXProject section */
		A47E260927EFFB41001C95CE /* Project object */ = {
			isa = PBXProject;
			attributes = {
				BuildIndependentTargetsInParallel = 1;
				LastSwiftUpdateCheck = 1320;
				LastUpgradeCheck = 1320;
				TargetAttributes = {
					A47E261027EFFB42001C95CE = {
						CreatedOnToolsVersion = 13.2.1;
					};
					A47E262627EFFB48001C95CE = {
						CreatedOnToolsVersion = 13.2.1;
						TestTargetID = A47E261027EFFB42001C95CE;
					};
					A47E263027EFFB48001C95CE = {
						CreatedOnToolsVersion = 13.2.1;
						TestTargetID = A47E261027EFFB42001C95CE;
					};
				};
			};
			buildConfigurationList = A47E260C27EFFB41001C95CE /* Build configuration list for PBXProject "ShadowPractice" */;
			compatibilityVersion = "Xcode 13.0";
			developmentRegion = en;
			hasScannedForEncodings = 0;
			knownRegions = (
				en,
				Base,
			);
			mainGroup = A47E260827EFFB41001C95CE;
			productRefGroup = A47E261227EFFB42001C95CE /* Products */;
			projectDirPath = "";
			projectRoot = "";
			targets = (
				A47E261027EFFB42001C95CE /* ShadowPractice */,
				A47E262627EFFB48001C95CE /* ShadowPracticeTests */,
				A47E263027EFFB48001C95CE /* ShadowPracticeUITests */,
			);
		};
/* End PBXProject section */

/* Begin PBXResourcesBuildPhase section */
		A47E260F27EFFB42001C95CE /* Resources */ = {
			isa = PBXResourcesBuildPhase;
			buildActionMask = 2147483647;
			files = (
				A47E262127EFFB47001C95CE /* LaunchScreen.storyboard in Resources */,
				A47E261E27EFFB47001C95CE /* Assets.xcassets in Resources */,
				A47E261C27EFFB42001C95CE /* Shadow.storyboard in Resources */,
			);
			runOnlyForDeploymentPostprocessing = 0;
		};
		A47E262527EFFB48001C95CE /* Resources */ = {
			isa = PBXResourcesBuildPhase;
			buildActionMask = 2147483647;
			files = (
			);
			runOnlyForDeploymentPostprocessing = 0;
		};
		A47E262F27EFFB48001C95CE /* Resources */ = {
			isa = PBXResourcesBuildPhase;
			buildActionMask = 2147483647;
			files = (
			);
			runOnlyForDeploymentPostprocessing = 0;
		};
/* End PBXResourcesBuildPhase section */

/* Begin PBXSourcesBuildPhase section */
		A47E260D27EFFB42001C95CE /* Sources */ = {
			isa = PBXSourcesBuildPhase;
			buildActionMask = 2147483647;
			files = (
				A47E261927EFFB42001C95CE /* ShadowViewController.swift in Sources */,
				A47E261527EFFB42001C95CE /* AppDelegate.swift in Sources */,
				A47E261727EFFB42001C95CE /* SceneDelegate.swift in Sources */,
			);
			runOnlyForDeploymentPostprocessing = 0;
		};
		A47E262327EFFB48001C95CE /* Sources */ = {
			isa = PBXSourcesBuildPhase;
			buildActionMask = 2147483647;
			files = (
				A47E262C27EFFB48001C95CE /* ShadowPracticeTests.swift in Sources */,
			);
			runOnlyForDeploymentPostprocessing = 0;
		};
		A47E262D27EFFB48001C95CE /* Sources */ = {
			isa = PBXSourcesBuildPhase;
			buildActionMask = 2147483647;
			files = (
				A47E263627EFFB48001C95CE /* ShadowPracticeUITests.swift in Sources */,
				A47E263827EFFB48001C95CE /* ShadowPracticeUITestsLaunchTests.swift in Sources */,
			);
			runOnlyForDeploymentPostprocessing = 0;
		};
/* End PBXSourcesBuildPhase section */

/* Begin PBXTargetDependency section */
		A47E262927EFFB48001C95CE /* PBXTargetDependency */ = {
			isa = PBXTargetDependency;
			target = A47E261027EFFB42001C95CE /* ShadowPractice */;
			targetProxy = A47E262827EFFB48001C95CE /* PBXContainerItemProxy */;
		};
		A47E263327EFFB48001C95CE /* PBXTargetDependency */ = {
			isa = PBXTargetDependency;
			target = A47E261027EFFB42001C95CE /* ShadowPractice */;
			targetProxy = A47E263227EFFB48001C95CE /* PBXContainerItemProxy */;
		};
/* End PBXTargetDependency section */

/* Begin PBXVariantGroup section */
		A47E261A27EFFB42001C95CE /* Shadow.storyboard */ = {
			isa = PBXVariantGroup;
			children = (
				A47E261B27EFFB42001C95CE /* Base */,
			);
			name = Shadow.storyboard;
			sourceTree = "<group>";
		};
		A47E261F27EFFB47001C95CE /* LaunchScreen.storyboard */ = {
			isa = PBXVariantGroup;
			children = (
				A47E262027EFFB47001C95CE /* Base */,
			);
			name = LaunchScreen.storyboard;
			sourceTree = "<group>";
		};
/* End PBXVariantGroup section */

/* Begin XCBuildConfiguration section */
		A47E263927EFFB48001C95CE /* Debug */ = {
			isa = XCBuildConfiguration;
			buildSettings = {
				ALWAYS_SEARCH_USER_PATHS = NO;
				CLANG_ANALYZER_NONNULL = YES;
				CLANG_ANALYZER_NUMBER_OBJECT_CONVERSION = YES_AGGRESSIVE;
				CLANG_CXX_LANGUAGE_STANDARD = "gnu++17";
				CLANG_CXX_LIBRARY = "libc++";
				CLANG_ENABLE_MODULES = YES;
				CLANG_ENABLE_OBJC_ARC = YES;
				CLANG_ENABLE_OBJC_WEAK = YES;
				CLANG_WARN_BLOCK_CAPTURE_AUTORELEASING = YES;
				CLANG_WARN_BOOL_CONVERSION = YES;
				CLANG_WARN_COMMA = YES;
				CLANG_WARN_CONSTANT_CONVERSION = YES;
				CLANG_WARN_DEPRECATED_OBJC_IMPLEMENTATIONS = YES;
				CLANG_WARN_DIRECT_OBJC_ISA_USAGE = YES_ERROR;
				CLANG_WARN_DOCUMENTATION_COMMENTS = YES;
				CLANG_WARN_EMPTY_BODY = YES;
				CLANG_WARN_ENUM_CONVERSION = YES;
				CLANG_WARN_INFINITE_RECURSION = YES;
				CLANG_WARN_INT_CONVERSION = YES;
				CLANG_WARN_NON_LITERAL_NULL_CONVERSION = YES;
				CLANG_WARN_OBJC_IMPLICIT_RETAIN_SELF = YES;
				CLANG_WARN_OBJC_LITERAL_CONVERSION = YES;
				CLANG_WARN_OBJC_ROOT_CLASS = YES_ERROR;
				CLANG_WARN_QUOTED_INCLUDE_IN_FRAMEWORK_HEADER = YES;
				CLANG_WARN_RANGE_LOOP_ANALYSIS = YES;
				CLANG_WARN_STRICT_PROTOTYPES = YES;
				CLANG_WARN_SUSPICIOUS_MOVE = YES;
				CLANG_WARN_UNGUARDED_AVAILABILITY = YES_AGGRESSIVE;
				CLANG_WARN_UNREACHABLE_CODE = YES;
				CLANG_WARN__DUPLICATE_METHOD_MATCH = YES;
				COPY_PHASE_STRIP = NO;
				DEBUG_INFORMATION_FORMAT = dwarf;
				ENABLE_STRICT_OBJC_MSGSEND = YES;
				ENABLE_TESTABILITY = YES;
				GCC_C_LANGUAGE_STANDARD = gnu11;
				GCC_DYNAMIC_NO_PIC = NO;
				GCC_NO_COMMON_BLOCKS = YES;
				GCC_OPTIMIZATION_LEVEL = 0;
				GCC_PREPROCESSOR_DEFINITIONS = (
					"DEBUG=1",
					"$(inherited)",
				);
				GCC_WARN_64_TO_32_BIT_CONVERSION = YES;
				GCC_WARN_ABOUT_RETURN_TYPE = YES_ERROR;
				GCC_WARN_UNDECLARED_SELECTOR = YES;
				GCC_WARN_UNINITIALIZED_AUTOS = YES_AGGRESSIVE;
				GCC_WARN_UNUSED_FUNCTION = YES;
				GCC_WARN_UNUSED_VARIABLE = YES;
				IPHONEOS_DEPLOYMENT_TARGET = 15.2;
				MTL_ENABLE_DEBUG_INFO = INCLUDE_SOURCE;
				MTL_FAST_MATH = YES;
				ONLY_ACTIVE_ARCH = YES;
				SDKROOT = iphoneos;
				SWIFT_ACTIVE_COMPILATION_CONDITIONS = DEBUG;
				SWIFT_OPTIMIZATION_LEVEL = "-Onone";
			};
			name = Debug;
		};
		A47E263A27EFFB48001C95CE /* Release */ = {
			isa = XCBuildConfiguration;
			buildSettings = {
				ALWAYS_SEARCH_USER_PATHS = NO;
				CLANG_ANALYZER_NONNULL = YES;
				CLANG_ANALYZER_NUMBER_OBJECT_CONVERSION = YES_AGGRESSIVE;
				CLANG_CXX_LANGUAGE_STANDARD = "gnu++17";
				CLANG_CXX_LIBRARY = "libc++";
				CLANG_ENABLE_MODULES = YES;
				CLANG_ENABLE_OBJC_ARC = YES;
				CLANG_ENABLE_OBJC_WEAK = YES;
				CLANG_WARN_BLOCK_CAPTURE_AUTORELEASING = YES;
				CLANG_WARN_BOOL_CONVERSION = YES;
				CLANG_WARN_COMMA = YES;
				CLANG_WARN_CONSTANT_CONVERSION = YES;
				CLANG_WARN_DEPRECATED_OBJC_IMPLEMENTATIONS = YES;
				CLANG_WARN_DIRECT_OBJC_ISA_USAGE = YES_ERROR;
				CLANG_WARN_DOCUMENTATION_COMMENTS = YES;
				CLANG_WARN_EMPTY_BODY = YES;
				CLANG_WARN_ENUM_CONVERSION = YES;
				CLANG_WARN_INFINITE_RECURSION = YES;
				CLANG_WARN_INT_CONVERSION = YES;
				CLANG_WARN_NON_LITERAL_NULL_CONVERSION = YES;
				CLANG_WARN_OBJC_IMPLICIT_RETAIN_SELF = YES;
				CLANG_WARN_OBJC_LITERAL_CONVERSION = YES;
				CLANG_WARN_OBJC_ROOT_CLASS = YES_ERROR;
				CLANG_WARN_QUOTED_INCLUDE_IN_FRAMEWORK_HEADER = YES;
				CLANG_WARN_RANGE_LOOP_ANALYSIS = YES;
				CLANG_WARN_STRICT_PROTOTYPES = YES;
				CLANG_WARN_SUSPICIOUS_MOVE = YES;
				CLANG_WARN_UNGUARDED_AVAILABILITY = YES_AGGRESSIVE;
				CLANG_WARN_UNREACHABLE_CODE = YES;
				CLANG_WARN__DUPLICATE_METHOD_MATCH = YES;
				COPY_PHASE_STRIP = NO;
				DEBUG_INFORMATION_FORMAT = "dwarf-with-dsym";
				ENABLE_NS_ASSERTIONS = NO;
				ENABLE_STRICT_OBJC_MSGSEND = YES;
				GCC_C_LANGUAGE_STANDARD = gnu11;
				GCC_NO_COMMON_BLOCKS = YES;
				GCC_WARN_64_TO_32_BIT_CONVERSION = YES;
				GCC_WARN_ABOUT_RETURN_TYPE = YES_ERROR;
				GCC_WARN_UNDECLARED_SELECTOR = YES;
				GCC_WARN_UNINITIALIZED_AUTOS = YES_AGGRESSIVE;
				GCC_WARN_UNUSED_FUNCTION = YES;
				GCC_WARN_UNUSED_VARIABLE = YES;
				IPHONEOS_DEPLOYMENT_TARGET = 15.2;
				MTL_ENABLE_DEBUG_INFO = NO;
				MTL_FAST_MATH = YES;
				SDKROOT = iphoneos;
				SWIFT_COMPILATION_MODE = wholemodule;
				SWIFT_OPTIMIZATION_LEVEL = "-O";
				VALIDATE_PRODUCT = YES;
			};
			name = Release;
		};
		A47E263C27EFFB48001C95CE /* Debug */ = {
			isa = XCBuildConfiguration;
			buildSettings = {
				ASSETCATALOG_COMPILER_APPICON_NAME = AppIcon;
				ASSETCATALOG_COMPILER_GLOBAL_ACCENT_COLOR_NAME = AccentColor;
				CODE_SIGN_STYLE = Automatic;
				CURRENT_PROJECT_VERSION = 1;
				DEVELOPMENT_TEAM = 8HSC6WJMH6;
				GENERATE_INFOPLIST_FILE = YES;
				INFOPLIST_FILE = ShadowPractice/Info.plist;
				INFOPLIST_KEY_UIApplicationSupportsIndirectInputEvents = YES;
				INFOPLIST_KEY_UILaunchStoryboardName = LaunchScreen;
				INFOPLIST_KEY_UIMainStoryboardFile = Shadow;
				INFOPLIST_KEY_UISupportedInterfaceOrientations_iPad = "UIInterfaceOrientationPortrait UIInterfaceOrientationPortraitUpsideDown UIInterfaceOrientationLandscapeLeft UIInterfaceOrientationLandscapeRight";
				INFOPLIST_KEY_UISupportedInterfaceOrientations_iPhone = "UIInterfaceOrientationPortrait UIInterfaceOrientationLandscapeLeft UIInterfaceOrientationLandscapeRight";
				LD_RUNPATH_SEARCH_PATHS = (
					"$(inherited)",
					"@executable_path/Frameworks",
				);
				MARKETING_VERSION = 1.0;
				PRODUCT_BUNDLE_IDENTIFIER = jp.techacademy.kazuma.miura2.ShadowPractice;
				PRODUCT_NAME = "$(TARGET_NAME)";
				SWIFT_EMIT_LOC_STRINGS = YES;
				SWIFT_VERSION = 5.0;
				TARGETED_DEVICE_FAMILY = "1,2";
			};
			name = Debug;
		};
		A47E263D27EFFB48001C95CE /* Release */ = {
			isa = XCBuildConfiguration;
			buildSettings = {
				ASSETCATALOG_COMPILER_APPICON_NAME = AppIcon;
				ASSETCATALOG_COMPILER_GLOBAL_ACCENT_COLOR_NAME = AccentColor;
				CODE_SIGN_STYLE = Automatic;
				CURRENT_PROJECT_VERSION = 1;
				DEVELOPMENT_TEAM = 8HSC6WJMH6;
				GENERATE_INFOPLIST_FILE = YES;
				INFOPLIST_FILE = ShadowPractice/Info.plist;
				INFOPLIST_KEY_UIApplicationSupportsIndirectInputEvents = YES;
				INFOPLIST_KEY_UILaunchStoryboardName = LaunchScreen;
				INFOPLIST_KEY_UIMainStoryboardFile = Shadow;
				INFOPLIST_KEY_UISupportedInterfaceOrientations_iPad = "UIInterfaceOrientationPortrait UIInterfaceOrientationPortraitUpsideDown UIInterfaceOrientationLandscapeLeft UIInterfaceOrientationLandscapeRight";
				INFOPLIST_KEY_UISupportedInterfaceOrientations_iPhone = "UIInterfaceOrientationPortrait UIInterfaceOrientationLandscapeLeft UIInterfaceOrientationLandscapeRight";
				LD_RUNPATH_SEARCH_PATHS = (
					"$(inherited)",
					"@executable_path/Frameworks",
				);
				MARKETING_VERSION = 1.0;
				PRODUCT_BUNDLE_IDENTIFIER = jp.techacademy.kazuma.miura2.ShadowPractice;
				PRODUCT_NAME = "$(TARGET_NAME)";
				SWIFT_EMIT_LOC_STRINGS = YES;
				SWIFT_VERSION = 5.0;
				TARGETED_DEVICE_FAMILY = "1,2";
			};
			name = Release;
		};
		A47E263F27EFFB48001C95CE /* Debug */ = {
			isa = XCBuildConfiguration;
			buildSettings = {
				ALWAYS_EMBED_SWIFT_STANDARD_LIBRARIES = YES;
				BUNDLE_LOADER = "$(TEST_HOST)";
				CODE_SIGN_STYLE = Automatic;
				CURRENT_PROJECT_VERSION = 1;
				DEVELOPMENT_TEAM = 8HSC6WJMH6;
				GENERATE_INFOPLIST_FILE = YES;
				IPHONEOS_DEPLOYMENT_TARGET = 15.2;
				MARKETING_VERSION = 1.0;
				PRODUCT_BUNDLE_IDENTIFIER = jp.techacademy.kazuma.miura2.ShadowPracticeTests;
				PRODUCT_NAME = "$(TARGET_NAME)";
				SWIFT_EMIT_LOC_STRINGS = NO;
				SWIFT_VERSION = 5.0;
				TARGETED_DEVICE_FAMILY = "1,2";
				TEST_HOST = "$(BUILT_PRODUCTS_DIR)/ShadowPractice.app/ShadowPractice";
			};
			name = Debug;
		};
		A47E264027EFFB48001C95CE /* Release */ = {
			isa = XCBuildConfiguration;
			buildSettings = {
				ALWAYS_EMBED_SWIFT_STANDARD_LIBRARIES = YES;
				BUNDLE_LOADER = "$(TEST_HOST)";
				CODE_SIGN_STYLE = Automatic;
				CURRENT_PROJECT_VERSION = 1;
				DEVELOPMENT_TEAM = 8HSC6WJMH6;
				GENERATE_INFOPLIST_FILE = YES;
				IPHONEOS_DEPLOYMENT_TARGET = 15.2;
				MARKETING_VERSION = 1.0;
				PRODUCT_BUNDLE_IDENTIFIER = jp.techacademy.kazuma.miura2.ShadowPracticeTests;
				PRODUCT_NAME = "$(TARGET_NAME)";
				SWIFT_EMIT_LOC_STRINGS = NO;
				SWIFT_VERSION = 5.0;
				TARGETED_DEVICE_FAMILY = "1,2";
				TEST_HOST = "$(BUILT_PRODUCTS_DIR)/ShadowPractice.app/ShadowPractice";
			};
			name = Release;
		};
		A47E264227EFFB48001C95CE /* Debug */ = {
			isa = XCBuildConfiguration;
			buildSettings = {
				ALWAYS_EMBED_SWIFT_STANDARD_LIBRARIES = YES;
				CODE_SIGN_STYLE = Automatic;
				CURRENT_PROJECT_VERSION = 1;
				DEVELOPMENT_TEAM = 8HSC6WJMH6;
				GENERATE_INFOPLIST_FILE = YES;
				MARKETING_VERSION = 1.0;
				PRODUCT_BUNDLE_IDENTIFIER = jp.techacademy.kazuma.miura2.ShadowPracticeUITests;
				PRODUCT_NAME = "$(TARGET_NAME)";
				SWIFT_EMIT_LOC_STRINGS = NO;
				SWIFT_VERSION = 5.0;
				TARGETED_DEVICE_FAMILY = "1,2";
				TEST_TARGET_NAME = ShadowPractice;
			};
			name = Debug;
		};
		A47E264327EFFB48001C95CE /* Release */ = {
			isa = XCBuildConfiguration;
			buildSettings = {
				ALWAYS_EMBED_SWIFT_STANDARD_LIBRARIES = YES;
				CODE_SIGN_STYLE = Automatic;
				CURRENT_PROJECT_VERSION = 1;
				DEVELOPMENT_TEAM = 8HSC6WJMH6;
				GENERATE_INFOPLIST_FILE = YES;
				MARKETING_VERSION = 1.0;
				PRODUCT_BUNDLE_IDENTIFIER = jp.techacademy.kazuma.miura2.ShadowPracticeUITests;
				PRODUCT_NAME = "$(TARGET_NAME)";
				SWIFT_EMIT_LOC_STRINGS = NO;
				SWIFT_VERSION = 5.0;
				TARGETED_DEVICE_FAMILY = "1,2";
				TEST_TARGET_NAME = ShadowPractice;
			};
			name = Release;
		};
/* End XCBuildConfiguration section */

/* Begin XCConfigurationList section */
		A47E260C27EFFB41001C95CE /* Build configuration list for PBXProject "ShadowPractice" */ = {
			isa = XCConfigurationList;
			buildConfigurations = (
				A47E263927EFFB48001C95CE /* Debug */,
				A47E263A27EFFB48001C95CE /* Release */,
			);
			defaultConfigurationIsVisible = 0;
			defaultConfigurationName = Release;
		};
		A47E263B27EFFB48001C95CE /* Build configuration list for PBXNativeTarget "ShadowPractice" */ = {
			isa = XCConfigurationList;
			buildConfigurations = (
				A47E263C27EFFB48001C95CE /* Debug */,
				A47E263D27EFFB48001C95CE /* Release */,
			);
			defaultConfigurationIsVisible = 0;
			defaultConfigurationName = Release;
		};
		A47E263E27EFFB48001C95CE /* Build configuration list for PBXNativeTarget "ShadowPracticeTests" */ = {
			isa = XCConfigurationList;
			buildConfigurations = (
				A47E263F27EFFB48001C95CE /* Debug */,
				A47E264027EFFB48001C95CE /* Release */,
			);
			defaultConfigurationIsVisible = 0;
			defaultConfigurationName = Release;
		};
		A47E264127EFFB48001C95CE /* Build configuration list for PBXNativeTarget "ShadowPracticeUITests" */ = {
			isa = XCConfigurationList;
			buildConfigurations = (
				A47E264227EFFB48001C95CE /* Debug */,
				A47E264327EFFB48001C95CE /* Release */,
			);
			defaultConfigurationIsVisible = 0;
			defaultConfigurationName = Release;
		};
/* End XCConfigurationList section */
	};
	rootObject = A47E260927EFFB41001C95CE /* Project object */;
}
